
Microsoft Visual Studio Solution File, Format Version 12.00
# Visual Studio Version 16
VisualStudioVersion = 16.0.30128.74
MinimumVisualStudioVersion = 10.0.40219.1
Project("{8BC9CEB8-8B4A-11D0-8D11-00A0C91BC942}") = "mfc_static", "mfc_static.vcxproj", "{0B3CC70E-87CC-4677-9DB9-D99C138A20DB}"
EndProject
Project("{8BC9CEB8-8B4A-11D0-8D11-00A0C91BC942}") = "mfc_staticHandlers", "mfc_staticHandlers\mfc_staticHandlers.vcxproj", "{B19BF662-937C-4F83-B24B-2C52FD4A9AE7}"
EndProject
Global
	GlobalSection(SolutionConfigurationPlatforms) = preSolution
		Debug|x64 = Debug|x64
		Debug|x86 = Debug|x86
		Release|x64 = Release|x64
		Release|x86 = Release|x86
	EndGlobalSection
	GlobalSection(ProjectConfigurationPlatforms) = postSolution
		{0B3CC70E-87CC-4677-9DB9-D99C138A20DB}.Debug|x64.ActiveCfg = Debug|x64
		{0B3CC70E-87CC-4677-9DB9-D99C138A20DB}.Debug|x64.Build.0 = Debug|x64
		{0B3CC70E-87CC-4677-9DB9-D99C138A20DB}.Debug|x86.ActiveCfg = Debug|Win32
		{0B3CC70E-87CC-4677-9DB9-D99C138A20DB}.Debug|x86.Build.0 = Debug|Win32
		{0B3CC70E-87CC-4677-9DB9-D99C138A20DB}.Release|x64.ActiveCfg = Release|x64
		{0B3CC70E-87CC-4677-9DB9-D99C138A20DB}.Release|x64.Build.0 = Release|x64
		{0B3CC70E-87CC-4677-9DB9-D99C138A20DB}.Release|x86.ActiveCfg = Release|Win32
		{0B3CC70E-87CC-4677-9DB9-D99C138A20DB}.Release|x86.Build.0 = Release|Win32
		{B19BF662-937C-4F83-B24B-2C52FD4A9AE7}.Debug|x64.ActiveCfg = Debug|x64
		{B19BF662-937C-4F83-B24B-2C52FD4A9AE7}.Debug|x64.Build.0 = Debug|x64
		{B19BF662-937C-4F83-B24B-2C52FD4A9AE7}.Debug|x86.ActiveCfg = Debug|Win32
		{B19BF662-937C-4F83-B24B-2C52FD4A9AE7}.Debug|x86.Build.0 = Debug|Win32
		{B19BF662-937C-4F83-B24B-2C52FD4A9AE7}.Release|x64.ActiveCfg = Release|x64
		{B19BF662-937C-4F83-B24B-2C52FD4A9AE7}.Release|x64.Build.0 = Release|x64
		{B19BF662-937C-4F83-B24B-2C52FD4A9AE7}.Release|x86.ActiveCfg = Release|Win32
		{B19BF662-937C-4F83-B24B-2C52FD4A9AE7}.Release|x86.Build.0 = Release|Win32
	EndGlobalSection
	GlobalSection(SolutionProperties) = preSolution
		HideSolutionNode = FALSE
	EndGlobalSection
	GlobalSection(ExtensibilityGlobals) = postSolution
		SolutionGuid = {C601585C-37CA-43F7-AB17-675D1ED13E87}
	EndGlobalSection
EndGlobal
